
Microsoft Visual Studio Solution File, Format Version 11.00
# Visual Studio 2010
Project("{FAE04EC0-301F-11D3-BF4B-00C04F79EFBC}") = "Dobug.SysMail", "Dobug.SysMail\Dobug.SysMail.csproj", "{01E3AF55-13CF-434C-AD4E-B6AFFD784E1D}"
EndProject
Global
	GlobalSection(SolutionConfigurationPlatforms) = preSolution
		Debug|x86 = Debug|x86
		Release|x86 = Release|x86
	EndGlobalSection
	GlobalSection(ProjectConfigurationPlatforms) = postSolution
		{01E3AF55-13CF-434C-AD4E-B6AFFD784E1D}.Debug|x86.ActiveCfg = Debug|Any CPU
		{01E3AF55-13CF-434C-AD4E-B6AFFD784E1D}.Debug|x86.Build.0 = Debug|Any CPU
		{01E3AF55-13CF-434C-AD4E-B6AFFD784E1D}.Release|x86.ActiveCfg = Release|x86
		{01E3AF55-13CF-434C-AD4E-B6AFFD784E1D}.Release|x86.Build.0 = Release|x86
	EndGlobalSection
	GlobalSection(SolutionProperties) = preSolution
		HideSolutionNode = FALSE
	EndGlobalSection
EndGlobal
